p@l440:~/terraform-aws/excercise-1$ terraform init

Initializing the backend...
Initializing modules...
- example_vpcs in modules/create_vpcs

Initializing provider plugins...
- Reusing previous version of hashicorp/aws from the dependency lock file
- Using previously-installed hashicorp/aws v5.45.0

Terraform has been successfully initialized!

You may now begin working with Terraform. Try running "terraform plan" to see
any changes that are required for your infrastructure. All Terraform commands
should now work.

If you ever set or change modules or backend configuration for Terraform,
rerun this command to reinitialize your working directory. If you forget, other
commands will detect it and remind you to do so if necessary.
p@l440:~/terraform-aws/excercise-1$ terraform plan
module.example_vpcs.data.aws_region.current_aws_region: Reading...
module.example_vpcs.data.aws_region.current_aws_region: Read complete after 0s [id=us-east-1]

Terraform used the selected providers to generate the following execution plan. Resource actions are indicated with the following symbols:
  + create

Terraform will perform the following actions:

  # module.example_vpcs.aws_eip.nat will be created
  + resource "aws_eip" "nat" {
      + allocation_id        = (known after apply)
      + association_id       = (known after apply)
      + carrier_ip           = (known after apply)
      + customer_owned_ip    = (known after apply)
      + domain               = (known after apply)
      + id                   = (known after apply)
      + instance             = (known after apply)
      + network_border_group = (known after apply)
      + network_interface    = (known after apply)
      + private_dns          = (known after apply)
      + private_ip           = (known after apply)
      + public_dns           = (known after apply)
      + public_ip            = (known after apply)
      + public_ipv4_pool     = (known after apply)
      + tags_all             = (known after apply)
      + vpc                  = true
    }

  # module.example_vpcs.aws_internet_gateway.gw will be created
  + resource "aws_internet_gateway" "gw" {
      + arn      = (known after apply)
      + id       = (known after apply)
      + owner_id = (known after apply)
      + tags     = {
          + "Name" = "example-igw"
        }
      + tags_all = {
          + "Name" = "example-igw"
        }
      + vpc_id   = (known after apply)
    }

  # module.example_vpcs.aws_nat_gateway.nat will be created
  + resource "aws_nat_gateway" "nat" {
      + allocation_id                      = (known after apply)
      + association_id                     = (known after apply)
      + connectivity_type                  = "public"
      + id                                 = (known after apply)
      + network_interface_id               = (known after apply)
      + private_ip                         = (known after apply)
      + public_ip                          = (known after apply)
      + secondary_private_ip_address_count = (known after apply)
      + secondary_private_ip_addresses     = (known after apply)
      + subnet_id                          = (known after apply)
      + tags_all                           = (known after apply)
    }

  # module.example_vpcs.aws_route_table.private will be created
  + resource "aws_route_table" "private" {
      + arn              = (known after apply)
      + id               = (known after apply)
      + owner_id         = (known after apply)
      + propagating_vgws = (known after apply)
      + route            = [
          + {
              + cidr_block                 = "0.0.0.0/0"
              + nat_gateway_id             = (known after apply)
                # (11 unchanged attributes hidden)
            },
        ]
      + tags             = {
          + "Name" = "example-private-rt"
        }
      + tags_all         = {
          + "Name" = "example-private-rt"
        }
      + vpc_id           = (known after apply)
    }

  # module.example_vpcs.aws_route_table.public will be created
  + resource "aws_route_table" "public" {
      + arn              = (known after apply)
      + id               = (known after apply)
      + owner_id         = (known after apply)
      + propagating_vgws = (known after apply)
      + route            = [
          + {
              + cidr_block                 = "0.0.0.0/0"
              + gateway_id                 = (known after apply)
                # (11 unchanged attributes hidden)
            },
        ]
      + tags             = {
          + "Name" = "example-public-rt"
        }
      + tags_all         = {
          + "Name" = "example-public-rt"
        }
      + vpc_id           = (known after apply)
    }

  # module.example_vpcs.aws_route_table_association.private[0] will be created
  + resource "aws_route_table_association" "private" {
      + id             = (known after apply)
      + route_table_id = (known after apply)
      + subnet_id      = (known after apply)
    }

  # module.example_vpcs.aws_route_table_association.private[1] will be created
  + resource "aws_route_table_association" "private" {
      + id             = (known after apply)
      + route_table_id = (known after apply)
      + subnet_id      = (known after apply)
    }

  # module.example_vpcs.aws_route_table_association.public[0] will be created
  + resource "aws_route_table_association" "public" {
      + id             = (known after apply)
      + route_table_id = (known after apply)
      + subnet_id      = (known after apply)
    }

  # module.example_vpcs.aws_route_table_association.public[1] will be created
  + resource "aws_route_table_association" "public" {
      + id             = (known after apply)
      + route_table_id = (known after apply)
      + subnet_id      = (known after apply)
    }

  # module.example_vpcs.aws_subnet.private[0] will be created
  + resource "aws_subnet" "private" {
      + arn                                            = (known after apply)
      + assign_ipv6_address_on_creation                = false
      + availability_zone                              = "us-east-1a"
      + availability_zone_id                           = (known after apply)
      + cidr_block                                     = "10.0.2.0/24"
      + enable_dns64                                   = false
      + enable_resource_name_dns_a_record_on_launch    = false
      + enable_resource_name_dns_aaaa_record_on_launch = false
      + id                                             = (known after apply)
      + ipv6_cidr_block_association_id                 = (known after apply)
      + ipv6_native                                    = false
      + map_public_ip_on_launch                        = false
      + owner_id                                       = (known after apply)
      + private_dns_hostname_type_on_launch            = (known after apply)
      + tags                                           = {
          + "Name" = "example-private-0"
        }
      + tags_all                                       = {
          + "Name" = "example-private-0"
        }
      + vpc_id                                         = (known after apply)
    }

  # module.example_vpcs.aws_subnet.private[1] will be created
  + resource "aws_subnet" "private" {
      + arn                                            = (known after apply)
      + assign_ipv6_address_on_creation                = false
      + availability_zone                              = "us-east-1b"
      + availability_zone_id                           = (known after apply)
      + cidr_block                                     = "10.0.3.0/24"
      + enable_dns64                                   = false
      + enable_resource_name_dns_a_record_on_launch    = false
      + enable_resource_name_dns_aaaa_record_on_launch = false
      + id                                             = (known after apply)
      + ipv6_cidr_block_association_id                 = (known after apply)
      + ipv6_native                                    = false
      + map_public_ip_on_launch                        = false
      + owner_id                                       = (known after apply)
      + private_dns_hostname_type_on_launch            = (known after apply)
      + tags                                           = {
          + "Name" = "example-private-1"
        }
      + tags_all                                       = {
          + "Name" = "example-private-1"
        }
      + vpc_id                                         = (known after apply)
    }

  # module.example_vpcs.aws_subnet.public[0] will be created
  + resource "aws_subnet" "public" {
      + arn                                            = (known after apply)
      + assign_ipv6_address_on_creation                = false
      + availability_zone                              = "us-east-1a"
      + availability_zone_id                           = (known after apply)
      + cidr_block                                     = "10.0.0.0/24"
      + enable_dns64                                   = false
      + enable_resource_name_dns_a_record_on_launch    = false
      + enable_resource_name_dns_aaaa_record_on_launch = false
      + id                                             = (known after apply)
      + ipv6_cidr_block_association_id                 = (known after apply)
      + ipv6_native                                    = false
      + map_public_ip_on_launch                        = true
      + owner_id                                       = (known after apply)
      + private_dns_hostname_type_on_launch            = (known after apply)
      + tags                                           = {
          + "Name" = "example-public-0"
        }
      + tags_all                                       = {
          + "Name" = "example-public-0"
        }
      + vpc_id                                         = (known after apply)
    }

  # module.example_vpcs.aws_subnet.public[1] will be created
  + resource "aws_subnet" "public" {
      + arn                                            = (known after apply)
      + assign_ipv6_address_on_creation                = false
      + availability_zone                              = "us-east-1b"
      + availability_zone_id                           = (known after apply)
      + cidr_block                                     = "10.0.1.0/24"
      + enable_dns64                                   = false
      + enable_resource_name_dns_a_record_on_launch    = false
      + enable_resource_name_dns_aaaa_record_on_launch = false
      + id                                             = (known after apply)
      + ipv6_cidr_block_association_id                 = (known after apply)
      + ipv6_native                                    = false
      + map_public_ip_on_launch                        = true
      + owner_id                                       = (known after apply)
      + private_dns_hostname_type_on_launch            = (known after apply)
      + tags                                           = {
          + "Name" = "example-public-1"
        }
      + tags_all                                       = {
          + "Name" = "example-public-1"
        }
      + vpc_id                                         = (known after apply)
    }

  # module.example_vpcs.aws_vpc.main will be created
  + resource "aws_vpc" "main" {
      + arn                                  = (known after apply)
      + cidr_block                           = "10.0.0.0/16"
      + default_network_acl_id               = (known after apply)
      + default_route_table_id               = (known after apply)
      + default_security_group_id            = (known after apply)
      + dhcp_options_id                      = (known after apply)
      + enable_dns_hostnames                 = true
      + enable_dns_support                   = true
      + enable_network_address_usage_metrics = (known after apply)
      + id                                   = (known after apply)
      + instance_tenancy                     = "default"
      + ipv6_association_id                  = (known after apply)
      + ipv6_cidr_block                      = (known after apply)
      + ipv6_cidr_block_network_border_group = (known after apply)
      + main_route_table_id                  = (known after apply)
      + owner_id                             = (known after apply)
      + tags                                 = {
          + "Name" = "example-vpc"
        }
      + tags_all                             = {
          + "Name" = "example-vpc"
        }
    }

  # module.example_vpcs.aws_vpc_endpoint.s3 will be created
  + resource "aws_vpc_endpoint" "s3" {
      + arn                   = (known after apply)
      + cidr_blocks           = (known after apply)
      + dns_entry             = (known after apply)
      + id                    = (known after apply)
      + ip_address_type       = (known after apply)
      + network_interface_ids = (known after apply)
      + owner_id              = (known after apply)
      + policy                = jsonencode(
            {
              + Statement = [
                  + {
                      + Action    = "s3:*"
                      + Effect    = "Allow"
                      + Principal = "*"
                      + Resource  = [
                          + "arn:aws:s3:::*",
                        ]
                    },
                ]
            }
        )
      + prefix_list_id        = (known after apply)
      + private_dns_enabled   = false
      + requester_managed     = (known after apply)
      + route_table_ids       = (known after apply)
      + security_group_ids    = (known after apply)
      + service_name          = "com.amazonaws.us-east-1.s3"
      + state                 = (known after apply)
      + subnet_ids            = (known after apply)
      + tags_all              = (known after apply)
      + vpc_endpoint_type     = "Gateway"
      + vpc_id                = (known after apply)
    }

Plan: 15 to add, 0 to change, 0 to destroy.
╷
│ Warning: Argument is deprecated
│
│   with module.example_vpcs.aws_eip.nat,
│   on modules/create_vpcs/main.tf line 65, in resource "aws_eip" "nat":
│   65:   vpc = true
│
│ use domain attribute instead
│
│ (and one more similar warning elsewhere)
╵

─────────────────────────────────────────────────────────────────────────────────────────────────────────────────────────────────────────────────────────────

Note: You didn't use the -out option to save this plan, so Terraform can't guarantee to take exactly these actions if you run "terraform apply" now.
p@l440:~/terraform-aws/excercise-1$ terraform apply
module.example_vpcs.data.aws_region.current_aws_region: Reading...
module.example_vpcs.data.aws_region.current_aws_region: Read complete after 0s [id=us-east-1]

Terraform used the selected providers to generate the following execution plan. Resource actions are indicated with the following symbols:
  + create

Terraform will perform the following actions:

  # module.example_vpcs.aws_eip.nat will be created
  + resource "aws_eip" "nat" {
      + allocation_id        = (known after apply)
      + association_id       = (known after apply)
      + carrier_ip           = (known after apply)
      + customer_owned_ip    = (known after apply)
      + domain               = (known after apply)
      + id                   = (known after apply)
      + instance             = (known after apply)
      + network_border_group = (known after apply)
      + network_interface    = (known after apply)
      + private_dns          = (known after apply)
      + private_ip           = (known after apply)
      + public_dns           = (known after apply)
      + public_ip            = (known after apply)
      + public_ipv4_pool     = (known after apply)
      + tags_all             = (known after apply)
      + vpc                  = true
    }

  # module.example_vpcs.aws_internet_gateway.gw will be created
  + resource "aws_internet_gateway" "gw" {
      + arn      = (known after apply)
      + id       = (known after apply)
      + owner_id = (known after apply)
      + tags     = {
          + "Name" = "example-igw"
        }
      + tags_all = {
          + "Name" = "example-igw"
        }
      + vpc_id   = (known after apply)
    }

  # module.example_vpcs.aws_nat_gateway.nat will be created
  + resource "aws_nat_gateway" "nat" {
      + allocation_id                      = (known after apply)
      + association_id                     = (known after apply)
      + connectivity_type                  = "public"
      + id                                 = (known after apply)
      + network_interface_id               = (known after apply)
      + private_ip                         = (known after apply)
      + public_ip                          = (known after apply)
      + secondary_private_ip_address_count = (known after apply)
      + secondary_private_ip_addresses     = (known after apply)
      + subnet_id                          = (known after apply)
      + tags_all                           = (known after apply)
    }

  # module.example_vpcs.aws_route_table.private will be created
  + resource "aws_route_table" "private" {
      + arn              = (known after apply)
      + id               = (known after apply)
      + owner_id         = (known after apply)
      + propagating_vgws = (known after apply)
      + route            = [
          + {
              + cidr_block                 = "0.0.0.0/0"
              + nat_gateway_id             = (known after apply)
                # (11 unchanged attributes hidden)
            },
        ]
      + tags             = {
          + "Name" = "example-private-rt"
        }
      + tags_all         = {
          + "Name" = "example-private-rt"
        }
      + vpc_id           = (known after apply)
    }

  # module.example_vpcs.aws_route_table.public will be created
  + resource "aws_route_table" "public" {
      + arn              = (known after apply)
      + id               = (known after apply)
      + owner_id         = (known after apply)
      + propagating_vgws = (known after apply)
      + route            = [
          + {
              + cidr_block                 = "0.0.0.0/0"
              + gateway_id                 = (known after apply)
                # (11 unchanged attributes hidden)
            },
        ]
      + tags             = {
          + "Name" = "example-public-rt"
        }
      + tags_all         = {
          + "Name" = "example-public-rt"
        }
      + vpc_id           = (known after apply)
    }

  # module.example_vpcs.aws_route_table_association.private[0] will be created
  + resource "aws_route_table_association" "private" {
      + id             = (known after apply)
      + route_table_id = (known after apply)
      + subnet_id      = (known after apply)
    }

  # module.example_vpcs.aws_route_table_association.private[1] will be created
  + resource "aws_route_table_association" "private" {
      + id             = (known after apply)
      + route_table_id = (known after apply)
      + subnet_id      = (known after apply)
    }

  # module.example_vpcs.aws_route_table_association.public[0] will be created
  + resource "aws_route_table_association" "public" {
      + id             = (known after apply)
      + route_table_id = (known after apply)
      + subnet_id      = (known after apply)
    }

  # module.example_vpcs.aws_route_table_association.public[1] will be created
  + resource "aws_route_table_association" "public" {
      + id             = (known after apply)
      + route_table_id = (known after apply)
      + subnet_id      = (known after apply)
    }

  # module.example_vpcs.aws_subnet.private[0] will be created
  + resource "aws_subnet" "private" {
      + arn                                            = (known after apply)
      + assign_ipv6_address_on_creation                = false
      + availability_zone                              = "us-east-1a"
      + availability_zone_id                           = (known after apply)
      + cidr_block                                     = "10.0.2.0/24"
      + enable_dns64                                   = false
      + enable_resource_name_dns_a_record_on_launch    = false
      + enable_resource_name_dns_aaaa_record_on_launch = false
      + id                                             = (known after apply)
      + ipv6_cidr_block_association_id                 = (known after apply)
      + ipv6_native                                    = false
      + map_public_ip_on_launch                        = false
      + owner_id                                       = (known after apply)
      + private_dns_hostname_type_on_launch            = (known after apply)
      + tags                                           = {
          + "Name" = "example-private-0"
        }
      + tags_all                                       = {
          + "Name" = "example-private-0"
        }
      + vpc_id                                         = (known after apply)
    }

  # module.example_vpcs.aws_subnet.private[1] will be created
  + resource "aws_subnet" "private" {
      + arn                                            = (known after apply)
      + assign_ipv6_address_on_creation                = false
      + availability_zone                              = "us-east-1b"
      + availability_zone_id                           = (known after apply)
      + cidr_block                                     = "10.0.3.0/24"
      + enable_dns64                                   = false
      + enable_resource_name_dns_a_record_on_launch    = false
      + enable_resource_name_dns_aaaa_record_on_launch = false
      + id                                             = (known after apply)
      + ipv6_cidr_block_association_id                 = (known after apply)
      + ipv6_native                                    = false
      + map_public_ip_on_launch                        = false
      + owner_id                                       = (known after apply)
      + private_dns_hostname_type_on_launch            = (known after apply)
      + tags                                           = {
          + "Name" = "example-private-1"
        }
      + tags_all                                       = {
          + "Name" = "example-private-1"
        }
      + vpc_id                                         = (known after apply)
    }

  # module.example_vpcs.aws_subnet.public[0] will be created
  + resource "aws_subnet" "public" {
      + arn                                            = (known after apply)
      + assign_ipv6_address_on_creation                = false
      + availability_zone                              = "us-east-1a"
      + availability_zone_id                           = (known after apply)
      + cidr_block                                     = "10.0.0.0/24"
      + enable_dns64                                   = false
      + enable_resource_name_dns_a_record_on_launch    = false
      + enable_resource_name_dns_aaaa_record_on_launch = false
      + id                                             = (known after apply)
      + ipv6_cidr_block_association_id                 = (known after apply)
      + ipv6_native                                    = false
      + map_public_ip_on_launch                        = true
      + owner_id                                       = (known after apply)
      + private_dns_hostname_type_on_launch            = (known after apply)
      + tags                                           = {
          + "Name" = "example-public-0"
        }
      + tags_all                                       = {
          + "Name" = "example-public-0"
        }
      + vpc_id                                         = (known after apply)
    }

  # module.example_vpcs.aws_subnet.public[1] will be created
  + resource "aws_subnet" "public" {
      + arn                                            = (known after apply)
      + assign_ipv6_address_on_creation                = false
      + availability_zone                              = "us-east-1b"
      + availability_zone_id                           = (known after apply)
      + cidr_block                                     = "10.0.1.0/24"
      + enable_dns64                                   = false
      + enable_resource_name_dns_a_record_on_launch    = false
      + enable_resource_name_dns_aaaa_record_on_launch = false
      + id                                             = (known after apply)
      + ipv6_cidr_block_association_id                 = (known after apply)
      + ipv6_native                                    = false
      + map_public_ip_on_launch                        = true
      + owner_id                                       = (known after apply)
      + private_dns_hostname_type_on_launch            = (known after apply)
      + tags                                           = {
          + "Name" = "example-public-1"
        }
      + tags_all                                       = {
          + "Name" = "example-public-1"
        }
      + vpc_id                                         = (known after apply)
    }

  # module.example_vpcs.aws_vpc.main will be created
  + resource "aws_vpc" "main" {
      + arn                                  = (known after apply)
      + cidr_block                           = "10.0.0.0/16"
      + default_network_acl_id               = (known after apply)
      + default_route_table_id               = (known after apply)
      + default_security_group_id            = (known after apply)
      + dhcp_options_id                      = (known after apply)
      + enable_dns_hostnames                 = true
      + enable_dns_support                   = true
      + enable_network_address_usage_metrics = (known after apply)
      + id                                   = (known after apply)
      + instance_tenancy                     = "default"
      + ipv6_association_id                  = (known after apply)
      + ipv6_cidr_block                      = (known after apply)
      + ipv6_cidr_block_network_border_group = (known after apply)
      + main_route_table_id                  = (known after apply)
      + owner_id                             = (known after apply)
      + tags                                 = {
          + "Name" = "example-vpc"
        }
      + tags_all                             = {
          + "Name" = "example-vpc"
        }
    }

  # module.example_vpcs.aws_vpc_endpoint.s3 will be created
  + resource "aws_vpc_endpoint" "s3" {
      + arn                   = (known after apply)
      + cidr_blocks           = (known after apply)
      + dns_entry             = (known after apply)
      + id                    = (known after apply)
      + ip_address_type       = (known after apply)
      + network_interface_ids = (known after apply)
      + owner_id              = (known after apply)
      + policy                = jsonencode(
            {
              + Statement = [
                  + {
                      + Action    = "s3:*"
                      + Effect    = "Allow"
                      + Principal = "*"
                      + Resource  = [
                          + "arn:aws:s3:::*",
                        ]
                    },
                ]
            }
        )
      + prefix_list_id        = (known after apply)
      + private_dns_enabled   = false
      + requester_managed     = (known after apply)
      + route_table_ids       = (known after apply)
      + security_group_ids    = (known after apply)
      + service_name          = "com.amazonaws.us-east-1.s3"
      + state                 = (known after apply)
      + subnet_ids            = (known after apply)
      + tags_all              = (known after apply)
      + vpc_endpoint_type     = "Gateway"
      + vpc_id                = (known after apply)
    }

Plan: 15 to add, 0 to change, 0 to destroy.
╷
│ Warning: Argument is deprecated
│
│   with module.example_vpcs.aws_eip.nat,
│   on modules/create_vpcs/main.tf line 65, in resource "aws_eip" "nat":
│   65:   vpc = true
│
│ use domain attribute instead
│
│ (and one more similar warning elsewhere)
╵

Do you want to perform these actions?
  Terraform will perform the actions described above.
  Only 'yes' will be accepted to approve.

  Enter a value: yes

module.example_vpcs.aws_eip.nat: Creating...
module.example_vpcs.aws_vpc.main: Creating...
module.example_vpcs.aws_eip.nat: Creation complete after 1s [id=eipalloc-075d75a84252f3d75]
module.example_vpcs.aws_vpc.main: Still creating... [10s elapsed]
module.example_vpcs.aws_vpc.main: Creation complete after 13s [id=vpc-01d0327eb2a30669d]
module.example_vpcs.aws_internet_gateway.gw: Creating...
module.example_vpcs.aws_subnet.private[0]: Creating...
module.example_vpcs.aws_subnet.private[1]: Creating...
module.example_vpcs.aws_subnet.public[0]: Creating...
module.example_vpcs.aws_subnet.public[1]: Creating...
module.example_vpcs.aws_internet_gateway.gw: Creation complete after 1s [id=igw-06c387e2aced4d53d]
module.example_vpcs.aws_route_table.public: Creating...
module.example_vpcs.aws_subnet.private[1]: Creation complete after 1s [id=subnet-0419841d84644c40d]
module.example_vpcs.aws_subnet.private[0]: Creation complete after 1s [id=subnet-02f9a92bd4bfcd28a]
module.example_vpcs.aws_route_table.public: Creation complete after 2s [id=rtb-086dda7da7f390f65]
module.example_vpcs.aws_subnet.public[1]: Still creating... [10s elapsed]
module.example_vpcs.aws_subnet.public[0]: Still creating... [10s elapsed]
module.example_vpcs.aws_subnet.public[1]: Creation complete after 12s [id=subnet-06aa0662f32556b4f]
module.example_vpcs.aws_subnet.public[0]: Creation complete after 12s [id=subnet-07d2a018d4a99fe0a]
module.example_vpcs.aws_route_table_association.public[1]: Creating...
module.example_vpcs.aws_route_table_association.public[0]: Creating...
module.example_vpcs.aws_nat_gateway.nat: Creating...
module.example_vpcs.aws_route_table_association.public[0]: Creation complete after 0s [id=rtbassoc-0ede0374e52bd5ae8]
module.example_vpcs.aws_route_table_association.public[1]: Creation complete after 0s [id=rtbassoc-03d33343cb483e8e5]
module.example_vpcs.aws_nat_gateway.nat: Still creating... [10s elapsed]
module.example_vpcs.aws_nat_gateway.nat: Still creating... [20s elapsed]
module.example_vpcs.aws_nat_gateway.nat: Still creating... [30s elapsed]
module.example_vpcs.aws_nat_gateway.nat: Still creating... [40s elapsed]
module.example_vpcs.aws_nat_gateway.nat: Still creating... [50s elapsed]
module.example_vpcs.aws_nat_gateway.nat: Still creating... [1m0s elapsed]
module.example_vpcs.aws_nat_gateway.nat: Still creating... [1m10s elapsed]
module.example_vpcs.aws_nat_gateway.nat: Still creating... [1m20s elapsed]
module.example_vpcs.aws_nat_gateway.nat: Still creating... [1m30s elapsed]
module.example_vpcs.aws_nat_gateway.nat: Still creating... [1m40s elapsed]
module.example_vpcs.aws_nat_gateway.nat: Creation complete after 1m45s [id=nat-0bc43052c3bdab99c]
module.example_vpcs.aws_route_table.private: Creating...
module.example_vpcs.aws_route_table.private: Creation complete after 3s [id=rtb-018bce75df1843dc1]
module.example_vpcs.aws_route_table_association.private[1]: Creating...
module.example_vpcs.aws_route_table_association.private[0]: Creating...
module.example_vpcs.aws_vpc_endpoint.s3: Creating...
module.example_vpcs.aws_route_table_association.private[1]: Creation complete after 0s [id=rtbassoc-0b72f1dd78a019036]
module.example_vpcs.aws_route_table_association.private[0]: Creation complete after 0s [id=rtbassoc-094d1c0214c5a0e8a]
module.example_vpcs.aws_vpc_endpoint.s3: Creation complete after 6s [id=vpce-078cd28e89242fdd5]
╷
│ Warning: Argument is deprecated
│
│   with module.example_vpcs.aws_eip.nat,
│   on modules/create_vpcs/main.tf line 65, in resource "aws_eip" "nat":
│   65:   vpc = true
│
│ use domain attribute instead
╵

Apply complete! Resources: 15 added, 0 changed, 0 destroyed.
p@l440:~/terraform-aws/excercise-1$ terraform destroy
module.example_vpcs.data.aws_region.current_aws_region: Reading...
module.example_vpcs.aws_eip.nat: Refreshing state... [id=eipalloc-075d75a84252f3d75]
module.example_vpcs.aws_vpc.main: Refreshing state... [id=vpc-01d0327eb2a30669d]
module.example_vpcs.data.aws_region.current_aws_region: Read complete after 0s [id=us-east-1]
module.example_vpcs.aws_internet_gateway.gw: Refreshing state... [id=igw-06c387e2aced4d53d]
module.example_vpcs.aws_subnet.public[0]: Refreshing state... [id=subnet-07d2a018d4a99fe0a]
module.example_vpcs.aws_subnet.private[0]: Refreshing state... [id=subnet-02f9a92bd4bfcd28a]
module.example_vpcs.aws_subnet.public[1]: Refreshing state... [id=subnet-06aa0662f32556b4f]
module.example_vpcs.aws_subnet.private[1]: Refreshing state... [id=subnet-0419841d84644c40d]
module.example_vpcs.aws_route_table.public: Refreshing state... [id=rtb-086dda7da7f390f65]
module.example_vpcs.aws_route_table_association.public[1]: Refreshing state... [id=rtbassoc-03d33343cb483e8e5]
module.example_vpcs.aws_route_table_association.public[0]: Refreshing state... [id=rtbassoc-0ede0374e52bd5ae8]
module.example_vpcs.aws_nat_gateway.nat: Refreshing state... [id=nat-0bc43052c3bdab99c]
module.example_vpcs.aws_route_table.private: Refreshing state... [id=rtb-018bce75df1843dc1]
module.example_vpcs.aws_route_table_association.private[1]: Refreshing state... [id=rtbassoc-0b72f1dd78a019036]
module.example_vpcs.aws_route_table_association.private[0]: Refreshing state... [id=rtbassoc-094d1c0214c5a0e8a]
module.example_vpcs.aws_vpc_endpoint.s3: Refreshing state... [id=vpce-078cd28e89242fdd5]

Terraform used the selected providers to generate the following execution plan. Resource actions are indicated with the following symbols:
  - destroy

Terraform will perform the following actions:

  # module.example_vpcs.aws_eip.nat will be destroyed
  - resource "aws_eip" "nat" {
      - allocation_id            = "eipalloc-075d75a84252f3d75" -> null
      - association_id           = "eipassoc-0b2e2c26e0b3ff9f1" -> null
      - domain                   = "vpc" -> null
      - id                       = "eipalloc-075d75a84252f3d75" -> null
      - network_border_group     = "us-east-1" -> null
      - network_interface        = "eni-0e6075c59aee482f9" -> null
      - private_dns              = "ip-10-0-0-86.ec2.internal" -> null
      - private_ip               = "10.0.0.86" -> null
      - public_dns               = "ec2-52-54-22-177.compute-1.amazonaws.com" -> null
      - public_ip                = "52.54.22.177" -> null
      - public_ipv4_pool         = "amazon" -> null
      - tags                     = {} -> null
      - tags_all                 = {} -> null
      - vpc                      = true -> null
        # (4 unchanged attributes hidden)
    }

  # module.example_vpcs.aws_internet_gateway.gw will be destroyed
  - resource "aws_internet_gateway" "gw" {
      - arn      = "arn:aws:ec2:us-east-1:767397961434:internet-gateway/igw-06c387e2aced4d53d" -> null
      - id       = "igw-06c387e2aced4d53d" -> null
      - owner_id = "767397961434" -> null
      - tags     = {
          - "Name" = "example-igw"
        } -> null
      - tags_all = {
          - "Name" = "example-igw"
        } -> null
      - vpc_id   = "vpc-01d0327eb2a30669d" -> null
    }

  # module.example_vpcs.aws_nat_gateway.nat will be destroyed
  - resource "aws_nat_gateway" "nat" {
      - allocation_id                      = "eipalloc-075d75a84252f3d75" -> null
      - association_id                     = "eipassoc-0b2e2c26e0b3ff9f1" -> null
      - connectivity_type                  = "public" -> null
      - id                                 = "nat-0bc43052c3bdab99c" -> null
      - network_interface_id               = "eni-0e6075c59aee482f9" -> null
      - private_ip                         = "10.0.0.86" -> null
      - public_ip                          = "52.54.22.177" -> null
      - secondary_allocation_ids           = [] -> null
      - secondary_private_ip_address_count = 0 -> null
      - secondary_private_ip_addresses     = [] -> null
      - subnet_id                          = "subnet-07d2a018d4a99fe0a" -> null
      - tags                               = {} -> null
      - tags_all                           = {} -> null
    }

  # module.example_vpcs.aws_route_table.private will be destroyed
  - resource "aws_route_table" "private" {
      - arn              = "arn:aws:ec2:us-east-1:767397961434:route-table/rtb-018bce75df1843dc1" -> null
      - id               = "rtb-018bce75df1843dc1" -> null
      - owner_id         = "767397961434" -> null
      - propagating_vgws = [] -> null
      - route            = [
          - {
              - cidr_block                 = "0.0.0.0/0"
              - nat_gateway_id             = "nat-0bc43052c3bdab99c"
                # (11 unchanged attributes hidden)
            },
        ] -> null
      - tags             = {
          - "Name" = "example-private-rt"
        } -> null
      - tags_all         = {
          - "Name" = "example-private-rt"
        } -> null
      - vpc_id           = "vpc-01d0327eb2a30669d" -> null
    }

  # module.example_vpcs.aws_route_table.public will be destroyed
  - resource "aws_route_table" "public" {
      - arn              = "arn:aws:ec2:us-east-1:767397961434:route-table/rtb-086dda7da7f390f65" -> null
      - id               = "rtb-086dda7da7f390f65" -> null
      - owner_id         = "767397961434" -> null
      - propagating_vgws = [] -> null
      - route            = [
          - {
              - cidr_block                 = "0.0.0.0/0"
              - gateway_id                 = "igw-06c387e2aced4d53d"
                # (11 unchanged attributes hidden)
            },
        ] -> null
      - tags             = {
          - "Name" = "example-public-rt"
        } -> null
      - tags_all         = {
          - "Name" = "example-public-rt"
        } -> null
      - vpc_id           = "vpc-01d0327eb2a30669d" -> null
    }

  # module.example_vpcs.aws_route_table_association.private[0] will be destroyed
  - resource "aws_route_table_association" "private" {
      - id             = "rtbassoc-094d1c0214c5a0e8a" -> null
      - route_table_id = "rtb-018bce75df1843dc1" -> null
      - subnet_id      = "subnet-02f9a92bd4bfcd28a" -> null
        # (1 unchanged attribute hidden)
    }

  # module.example_vpcs.aws_route_table_association.private[1] will be destroyed
  - resource "aws_route_table_association" "private" {
      - id             = "rtbassoc-0b72f1dd78a019036" -> null
      - route_table_id = "rtb-018bce75df1843dc1" -> null
      - subnet_id      = "subnet-0419841d84644c40d" -> null
        # (1 unchanged attribute hidden)
    }

  # module.example_vpcs.aws_route_table_association.public[0] will be destroyed
  - resource "aws_route_table_association" "public" {
      - id             = "rtbassoc-0ede0374e52bd5ae8" -> null
      - route_table_id = "rtb-086dda7da7f390f65" -> null
      - subnet_id      = "subnet-07d2a018d4a99fe0a" -> null
        # (1 unchanged attribute hidden)
    }

  # module.example_vpcs.aws_route_table_association.public[1] will be destroyed
  - resource "aws_route_table_association" "public" {
      - id             = "rtbassoc-03d33343cb483e8e5" -> null
      - route_table_id = "rtb-086dda7da7f390f65" -> null
      - subnet_id      = "subnet-06aa0662f32556b4f" -> null
        # (1 unchanged attribute hidden)
    }

  # module.example_vpcs.aws_subnet.private[0] will be destroyed
  - resource "aws_subnet" "private" {
      - arn                                            = "arn:aws:ec2:us-east-1:767397961434:subnet/subnet-02f9a92bd4bfcd28a" -> null
      - assign_ipv6_address_on_creation                = false -> null
      - availability_zone                              = "us-east-1a" -> null
      - availability_zone_id                           = "use1-az6" -> null
      - cidr_block                                     = "10.0.2.0/24" -> null
      - enable_dns64                                   = false -> null
      - enable_lni_at_device_index                     = 0 -> null
      - enable_resource_name_dns_a_record_on_launch    = false -> null
      - enable_resource_name_dns_aaaa_record_on_launch = false -> null
      - id                                             = "subnet-02f9a92bd4bfcd28a" -> null
      - ipv6_native                                    = false -> null
      - map_customer_owned_ip_on_launch                = false -> null
      - map_public_ip_on_launch                        = false -> null
      - owner_id                                       = "767397961434" -> null
      - private_dns_hostname_type_on_launch            = "ip-name" -> null
      - tags                                           = {
          - "Name" = "example-private-0"
        } -> null
      - tags_all                                       = {
          - "Name" = "example-private-0"
        } -> null
      - vpc_id                                         = "vpc-01d0327eb2a30669d" -> null
        # (4 unchanged attributes hidden)
    }

  # module.example_vpcs.aws_subnet.private[1] will be destroyed
  - resource "aws_subnet" "private" {
      - arn                                            = "arn:aws:ec2:us-east-1:767397961434:subnet/subnet-0419841d84644c40d" -> null
      - assign_ipv6_address_on_creation                = false -> null
      - availability_zone                              = "us-east-1b" -> null
      - availability_zone_id                           = "use1-az1" -> null
      - cidr_block                                     = "10.0.3.0/24" -> null
      - enable_dns64                                   = false -> null
      - enable_lni_at_device_index                     = 0 -> null
      - enable_resource_name_dns_a_record_on_launch    = false -> null
      - enable_resource_name_dns_aaaa_record_on_launch = false -> null
      - id                                             = "subnet-0419841d84644c40d" -> null
      - ipv6_native                                    = false -> null
      - map_customer_owned_ip_on_launch                = false -> null
      - map_public_ip_on_launch                        = false -> null
      - owner_id                                       = "767397961434" -> null
      - private_dns_hostname_type_on_launch            = "ip-name" -> null
      - tags                                           = {
          - "Name" = "example-private-1"
        } -> null
      - tags_all                                       = {
          - "Name" = "example-private-1"
        } -> null
      - vpc_id                                         = "vpc-01d0327eb2a30669d" -> null
        # (4 unchanged attributes hidden)
    }

  # module.example_vpcs.aws_subnet.public[0] will be destroyed
  - resource "aws_subnet" "public" {
      - arn                                            = "arn:aws:ec2:us-east-1:767397961434:subnet/subnet-07d2a018d4a99fe0a" -> null
      - assign_ipv6_address_on_creation                = false -> null
      - availability_zone                              = "us-east-1a" -> null
      - availability_zone_id                           = "use1-az6" -> null
      - cidr_block                                     = "10.0.0.0/24" -> null
      - enable_dns64                                   = false -> null
      - enable_lni_at_device_index                     = 0 -> null
      - enable_resource_name_dns_a_record_on_launch    = false -> null
      - enable_resource_name_dns_aaaa_record_on_launch = false -> null
      - id                                             = "subnet-07d2a018d4a99fe0a" -> null
      - ipv6_native                                    = false -> null
      - map_customer_owned_ip_on_launch                = false -> null
      - map_public_ip_on_launch                        = true -> null
      - owner_id                                       = "767397961434" -> null
      - private_dns_hostname_type_on_launch            = "ip-name" -> null
      - tags                                           = {
          - "Name" = "example-public-0"
        } -> null
      - tags_all                                       = {
          - "Name" = "example-public-0"
        } -> null
      - vpc_id                                         = "vpc-01d0327eb2a30669d" -> null
        # (4 unchanged attributes hidden)
    }

  # module.example_vpcs.aws_subnet.public[1] will be destroyed
  - resource "aws_subnet" "public" {
      - arn                                            = "arn:aws:ec2:us-east-1:767397961434:subnet/subnet-06aa0662f32556b4f" -> null
      - assign_ipv6_address_on_creation                = false -> null
      - availability_zone                              = "us-east-1b" -> null
      - availability_zone_id                           = "use1-az1" -> null
      - cidr_block                                     = "10.0.1.0/24" -> null
      - enable_dns64                                   = false -> null
      - enable_lni_at_device_index                     = 0 -> null
      - enable_resource_name_dns_a_record_on_launch    = false -> null
      - enable_resource_name_dns_aaaa_record_on_launch = false -> null
      - id                                             = "subnet-06aa0662f32556b4f" -> null
      - ipv6_native                                    = false -> null
      - map_customer_owned_ip_on_launch                = false -> null
      - map_public_ip_on_launch                        = true -> null
      - owner_id                                       = "767397961434" -> null
      - private_dns_hostname_type_on_launch            = "ip-name" -> null
      - tags                                           = {
          - "Name" = "example-public-1"
        } -> null
      - tags_all                                       = {
          - "Name" = "example-public-1"
        } -> null
      - vpc_id                                         = "vpc-01d0327eb2a30669d" -> null
        # (4 unchanged attributes hidden)
    }

  # module.example_vpcs.aws_vpc.main will be destroyed
  - resource "aws_vpc" "main" {
      - arn                                  = "arn:aws:ec2:us-east-1:767397961434:vpc/vpc-01d0327eb2a30669d" -> null
      - assign_generated_ipv6_cidr_block     = false -> null
      - cidr_block                           = "10.0.0.0/16" -> null
      - default_network_acl_id               = "acl-09a564f9555f6ccaf" -> null
      - default_route_table_id               = "rtb-0d08a1fb2568092df" -> null
      - default_security_group_id            = "sg-0a6cebe5930d4a279" -> null
      - dhcp_options_id                      = "dopt-097221ed8fdf1b4f4" -> null
      - enable_dns_hostnames                 = true -> null
      - enable_dns_support                   = true -> null
      - enable_network_address_usage_metrics = false -> null
      - id                                   = "vpc-01d0327eb2a30669d" -> null
      - instance_tenancy                     = "default" -> null
      - ipv6_netmask_length                  = 0 -> null
      - main_route_table_id                  = "rtb-0d08a1fb2568092df" -> null
      - owner_id                             = "767397961434" -> null
      - tags                                 = {
          - "Name" = "example-vpc"
        } -> null
      - tags_all                             = {
          - "Name" = "example-vpc"
        } -> null
        # (4 unchanged attributes hidden)
    }

  # module.example_vpcs.aws_vpc_endpoint.s3 will be destroyed
  - resource "aws_vpc_endpoint" "s3" {
      - arn                   = "arn:aws:ec2:us-east-1:767397961434:vpc-endpoint/vpce-078cd28e89242fdd5" -> null
      - cidr_blocks           = [
          - "16.182.0.0/16",
          - "18.34.0.0/19",
          - "52.216.0.0/15",
          - "54.231.0.0/16",
          - "3.5.0.0/19",
          - "18.34.232.0/21",
        ] -> null
      - dns_entry             = [] -> null
      - id                    = "vpce-078cd28e89242fdd5" -> null
      - network_interface_ids = [] -> null
      - owner_id              = "767397961434" -> null
      - policy                = jsonencode(
            {
              - Statement = [
                  - {
                      - Action    = "s3:*"
                      - Effect    = "Allow"
                      - Principal = "*"
                      - Resource  = "arn:aws:s3:::*"
                    },
                ]
              - Version   = "2008-10-17"
            }
        ) -> null
      - prefix_list_id        = "pl-63a5400a" -> null
      - private_dns_enabled   = false -> null
      - requester_managed     = false -> null
      - route_table_ids       = [
          - "rtb-018bce75df1843dc1",
        ] -> null
      - security_group_ids    = [] -> null
      - service_name          = "com.amazonaws.us-east-1.s3" -> null
      - state                 = "available" -> null
      - subnet_ids            = [] -> null
      - tags                  = {} -> null
      - tags_all              = {} -> null
      - vpc_endpoint_type     = "Gateway" -> null
      - vpc_id                = "vpc-01d0327eb2a30669d" -> null
        # (1 unchanged attribute hidden)
    }

Plan: 0 to add, 0 to change, 15 to destroy.
╷
│ Warning: Argument is deprecated
│
│   with module.example_vpcs.aws_eip.nat,
│   on modules/create_vpcs/main.tf line 65, in resource "aws_eip" "nat":
│   65:   vpc = true
│
│ use domain attribute instead
╵

Do you really want to destroy all resources?
  Terraform will destroy all your managed infrastructure, as shown above.
  There is no undo. Only 'yes' will be accepted to confirm.

  Enter a value: yes

module.example_vpcs.aws_route_table_association.private[0]: Destroying... [id=rtbassoc-094d1c0214c5a0e8a]
module.example_vpcs.aws_route_table_association.public[0]: Destroying... [id=rtbassoc-0ede0374e52bd5ae8]
module.example_vpcs.aws_route_table_association.private[1]: Destroying... [id=rtbassoc-0b72f1dd78a019036]
module.example_vpcs.aws_route_table_association.public[1]: Destroying... [id=rtbassoc-03d33343cb483e8e5]
module.example_vpcs.aws_vpc_endpoint.s3: Destroying... [id=vpce-078cd28e89242fdd5]
module.example_vpcs.aws_route_table_association.public[0]: Destruction complete after 1s
module.example_vpcs.aws_route_table_association.private[0]: Destruction complete after 1s
module.example_vpcs.aws_route_table_association.private[1]: Destruction complete after 1s
module.example_vpcs.aws_route_table_association.public[1]: Destruction complete after 1s
module.example_vpcs.aws_subnet.private[1]: Destroying... [id=subnet-0419841d84644c40d]
module.example_vpcs.aws_subnet.private[0]: Destroying... [id=subnet-02f9a92bd4bfcd28a]
module.example_vpcs.aws_route_table.public: Destroying... [id=rtb-086dda7da7f390f65]
module.example_vpcs.aws_subnet.private[0]: Destruction complete after 0s
module.example_vpcs.aws_subnet.private[1]: Destruction complete after 1s
module.example_vpcs.aws_route_table.public: Destruction complete after 1s
module.example_vpcs.aws_internet_gateway.gw: Destroying... [id=igw-06c387e2aced4d53d]
module.example_vpcs.aws_vpc_endpoint.s3: Destruction complete after 6s
module.example_vpcs.aws_route_table.private: Destroying... [id=rtb-018bce75df1843dc1]
module.example_vpcs.aws_route_table.private: Destruction complete after 2s
module.example_vpcs.aws_nat_gateway.nat: Destroying... [id=nat-0bc43052c3bdab99c]
module.example_vpcs.aws_internet_gateway.gw: Still destroying... [id=igw-06c387e2aced4d53d, 10s elapsed]
module.example_vpcs.aws_nat_gateway.nat: Still destroying... [id=nat-0bc43052c3bdab99c, 10s elapsed]
module.example_vpcs.aws_internet_gateway.gw: Still destroying... [id=igw-06c387e2aced4d53d, 20s elapsed]
module.example_vpcs.aws_nat_gateway.nat: Still destroying... [id=nat-0bc43052c3bdab99c, 20s elapsed]
module.example_vpcs.aws_internet_gateway.gw: Still destroying... [id=igw-06c387e2aced4d53d, 30s elapsed]
module.example_vpcs.aws_nat_gateway.nat: Still destroying... [id=nat-0bc43052c3bdab99c, 30s elapsed]
module.example_vpcs.aws_internet_gateway.gw: Still destroying... [id=igw-06c387e2aced4d53d, 40s elapsed]
module.example_vpcs.aws_nat_gateway.nat: Still destroying... [id=nat-0bc43052c3bdab99c, 40s elapsed]
module.example_vpcs.aws_internet_gateway.gw: Still destroying... [id=igw-06c387e2aced4d53d, 50s elapsed]
module.example_vpcs.aws_nat_gateway.nat: Still destroying... [id=nat-0bc43052c3bdab99c, 50s elapsed]
module.example_vpcs.aws_nat_gateway.nat: Destruction complete after 53s
module.example_vpcs.aws_eip.nat: Destroying... [id=eipalloc-075d75a84252f3d75]
module.example_vpcs.aws_subnet.public[0]: Destroying... [id=subnet-07d2a018d4a99fe0a]
module.example_vpcs.aws_subnet.public[1]: Destroying... [id=subnet-06aa0662f32556b4f]
module.example_vpcs.aws_internet_gateway.gw: Destruction complete after 59s
module.example_vpcs.aws_subnet.public[0]: Destruction complete after 0s
module.example_vpcs.aws_subnet.public[1]: Destruction complete after 0s
module.example_vpcs.aws_vpc.main: Destroying... [id=vpc-01d0327eb2a30669d]
module.example_vpcs.aws_eip.nat: Destruction complete after 1s
module.example_vpcs.aws_vpc.main: Destruction complete after 2s

Destroy complete! Resources: 15 destroyed.
p@l440:~/terraform-aws/excercise-1$
